
Microsoft Visual Studio Solution File, Format Version 12.00
# Visual Studio Version 16
VisualStudioVersion = 16.0.31729.503
MinimumVisualStudioVersion = 10.0.40219.1
Project("{FAE04EC0-301F-11D3-BF4B-00C04F79EFBC}") = "gateway-api-final", "src\gateway-api-final\gateway-api-final.csproj", "{19FB6E87-5CC5-48A0-A9A0-1C4B5FE2E316}"
EndProject
Global
	GlobalSection(SolutionConfigurationPlatforms) = preSolution
		Debug|Any CPU = Debug|Any CPU
		Release|Any CPU = Release|Any CPU
	EndGlobalSection
	GlobalSection(ProjectConfigurationPlatforms) = postSolution
		{19FB6E87-5CC5-48A0-A9A0-1C4B5FE2E316}.Debug|Any CPU.ActiveCfg = Debug|Any CPU
		{19FB6E87-5CC5-48A0-A9A0-1C4B5FE2E316}.Debug|Any CPU.Build.0 = Debug|Any CPU
		{19FB6E87-5CC5-48A0-A9A0-1C4B5FE2E316}.Release|Any CPU.ActiveCfg = Release|Any CPU
		{19FB6E87-5CC5-48A0-A9A0-1C4B5FE2E316}.Release|Any CPU.Build.0 = Release|Any CPU
	EndGlobalSection
	GlobalSection(SolutionProperties) = preSolution
		HideSolutionNode = FALSE
	EndGlobalSection
	GlobalSection(ExtensibilityGlobals) = postSolution
		SolutionGuid = {50A52392-217C-46E9-A1E1-E4CDB959258E}
	EndGlobalSection
EndGlobal
